
Microsoft Visual Studio Solution File, Format Version 12.00
# Visual Studio Version 16
VisualStudioVersion = 16.0.31129.286
MinimumVisualStudioVersion = 10.0.40219.1
Project("{FAE04EC0-301F-11D3-BF4B-00C04F79EFBC}") = "AuditBenchmarkTesting", "AuditBenchmarkTesting\AuditBenchmarkTesting.csproj", "{AA36C62C-8EF0-4E81-9CA6-A407C82ADF27}"
EndProject
Global
	GlobalSection(SolutionConfigurationPlatforms) = preSolution
		Debug|Any CPU = Debug|Any CPU
		Release|Any CPU = Release|Any CPU
	EndGlobalSection
	GlobalSection(ProjectConfigurationPlatforms) = postSolution
		{AA36C62C-8EF0-4E81-9CA6-A407C82ADF27}.Debug|Any CPU.ActiveCfg = Debug|Any CPU
		{AA36C62C-8EF0-4E81-9CA6-A407C82ADF27}.Debug|Any CPU.Build.0 = Debug|Any CPU
		{AA36C62C-8EF0-4E81-9CA6-A407C82ADF27}.Release|Any CPU.ActiveCfg = Release|Any CPU
		{AA36C62C-8EF0-4E81-9CA6-A407C82ADF27}.Release|Any CPU.Build.0 = Release|Any CPU
	EndGlobalSection
	GlobalSection(SolutionProperties) = preSolution
		HideSolutionNode = FALSE
	EndGlobalSection
	GlobalSection(ExtensibilityGlobals) = postSolution
		SolutionGuid = {F169B521-F88E-4E47-BED4-33E54C31E8EF}
	EndGlobalSection
EndGlobal
